
Microsoft Visual Studio Solution File, Format Version 12.00
# Visual Studio Version 17
VisualStudioVersion = 17.9.34714.143
MinimumVisualStudioVersion = 10.0.40219.1
Project("{FAE04EC0-301F-11D3-BF4B-00C04F79EFBC}") = "XmlSerialization", "XmlSerialization\XmlSerialization.csproj", "{EE14EB7F-E851-4BA6-B4EC-BF6D1A5FDFD2}"
EndProject
Global
	GlobalSection(SolutionConfigurationPlatforms) = preSolution
		Debug|Any CPU = Debug|Any CPU
		Release|Any CPU = Release|Any CPU
	EndGlobalSection
	GlobalSection(ProjectConfigurationPlatforms) = postSolution
		{EE14EB7F-E851-4BA6-B4EC-BF6D1A5FDFD2}.Debug|Any CPU.ActiveCfg = Debug|Any CPU
		{EE14EB7F-E851-4BA6-B4EC-BF6D1A5FDFD2}.Debug|Any CPU.Build.0 = Debug|Any CPU
		{EE14EB7F-E851-4BA6-B4EC-BF6D1A5FDFD2}.Release|Any CPU.ActiveCfg = Release|Any CPU
		{EE14EB7F-E851-4BA6-B4EC-BF6D1A5FDFD2}.Release|Any CPU.Build.0 = Release|Any CPU
	EndGlobalSection
	GlobalSection(SolutionProperties) = preSolution
		HideSolutionNode = FALSE
	EndGlobalSection
	GlobalSection(ExtensibilityGlobals) = postSolution
		SolutionGuid = {21C25916-F83E-49D4-B882-DC7B4785F68F}
	EndGlobalSection
EndGlobal
