
Microsoft Visual Studio Solution File, Format Version 12.00
# Visual Studio Version 17
VisualStudioVersion = 17.9.34714.143
MinimumVisualStudioVersion = 10.0.40219.1
Project("{9A19103F-16F7-4668-BE54-9A1E7A4F7556}") = "JsonSerialization", "JsonSerialization\JsonSerialization.csproj", "{636B80D1-CED5-4381-8E82-C3A8EE562C71}"
EndProject
Global
	GlobalSection(SolutionConfigurationPlatforms) = preSolution
		Debug|Any CPU = Debug|Any CPU
		Release|Any CPU = Release|Any CPU
	EndGlobalSection
	GlobalSection(ProjectConfigurationPlatforms) = postSolution
		{636B80D1-CED5-4381-8E82-C3A8EE562C71}.Debug|Any CPU.ActiveCfg = Debug|Any CPU
		{636B80D1-CED5-4381-8E82-C3A8EE562C71}.Debug|Any CPU.Build.0 = Debug|Any CPU
		{636B80D1-CED5-4381-8E82-C3A8EE562C71}.Release|Any CPU.ActiveCfg = Release|Any CPU
		{636B80D1-CED5-4381-8E82-C3A8EE562C71}.Release|Any CPU.Build.0 = Release|Any CPU
	EndGlobalSection
	GlobalSection(SolutionProperties) = preSolution
		HideSolutionNode = FALSE
	EndGlobalSection
	GlobalSection(ExtensibilityGlobals) = postSolution
		SolutionGuid = {55B2D121-16E3-4D34-AE92-B2AB56F45CF1}
	EndGlobalSection
EndGlobal
